{
  "name": "svift-render-gif",
  "version": "1.0.0",
  "lockfileVersion": 1,
  "requires": true,
  "dependencies": {
    "fast-png": {
      "version": "3.1.0",
      "resolved": "https://registry.npmjs.org/fast-png/-/fast-png-3.1.0.tgz",
      "integrity": "sha512-D2JLDKDl4jksy7BaxxwEhQo5/sjaSgMCcjPi9x9Lf6bWjHRgKLi/jVR22xO5WaJfNbH7gTIN5HD9SRGIuN0fow==",
      "requires": {
        "iobuffer": "3.2.0",
        "pako": "1.0.5"
      }
    },
    "fs": {
      "version": "0.0.1-security",
      "resolved": "https://registry.npmjs.org/fs/-/fs-0.0.1-security.tgz",
      "integrity": "sha1-invTcYa23d84E/I4WLV+yq9eQdQ="
    },
    "gifencoder": {
      "version": "1.1.0",
      "resolved": "https://registry.npmjs.org/gifencoder/-/gifencoder-1.1.0.tgz",
      "integrity": "sha512-MVh++nximxsp8NaNRfS1+MmCviZ4wi7HhuvX8eHrfNn//1mqi8Eb03tKs6Z+lIIcSEySJ6PmS1VPZ+HdtEMlfg=="
    },
    "iobuffer": {
      "version": "3.2.0",
      "resolved": "https://registry.npmjs.org/iobuffer/-/iobuffer-3.2.0.tgz",
      "integrity": "sha1-kjT00ssQQoGHBPB9H1yDP0EyfiY=",
      "requires": {
        "utf8": "2.1.2"
      }
    },
    "pako": {
      "version": "1.0.5",
      "resolved": "https://registry.npmjs.org/pako/-/pako-1.0.5.tgz",
      "integrity": "sha1-0iBd/ludqK95fnwWPbTR+E5GALw="
    },
    "png-js": {
      "version": "0.1.1",
      "resolved": "https://registry.npmjs.org/png-js/-/png-js-0.1.1.tgz",
      "integrity": "sha1-HMfCEjA6yr50Jj7DrHgAlYAkLZM="
    },
    "pngparse": {
      "version": "2.0.1",
      "resolved": "https://registry.npmjs.org/pngparse/-/pngparse-2.0.1.tgz",
      "integrity": "sha1-hoUt5N40n077HoUudSVlXlrF37g="
    },
    "utf8": {
      "version": "2.1.2",
      "resolved": "https://registry.npmjs.org/utf8/-/utf8-2.1.2.tgz",
      "integrity": "sha1-H6DZJw6b6FDZsFAn9jUZv0ZFfZY="
    }
  }
}
